
Microsoft Visual Studio Solution File, Format Version 12.00
# Visual Studio 15
Project("{FAE04EC0-301F-11D3-BF4B-00C04F79EFBC}") = "user-service", "user-service.csproj", "{D02FB816-B91B-4A50-97E9-E20870C41EEE}"
EndProject
Project("{FAE04EC0-301F-11D3-BF4B-00C04F79EFBC}") = "user-service-test", "..\user-service-test\user-service-test.csproj", "{92CA5F5C-F8A0-48E7-AB77-534E4E877A33}"
EndProject
Global
	GlobalSection(SolutionConfigurationPlatforms) = preSolution
		Debug|Any CPU = Debug|Any CPU
		Release|Any CPU = Release|Any CPU
	EndGlobalSection
	GlobalSection(ProjectConfigurationPlatforms) = postSolution
		{D02FB816-B91B-4A50-97E9-E20870C41EEE}.Debug|Any CPU.ActiveCfg = Debug|Any CPU
		{D02FB816-B91B-4A50-97E9-E20870C41EEE}.Debug|Any CPU.Build.0 = Debug|Any CPU
		{D02FB816-B91B-4A50-97E9-E20870C41EEE}.Release|Any CPU.ActiveCfg = Release|Any CPU
		{D02FB816-B91B-4A50-97E9-E20870C41EEE}.Release|Any CPU.Build.0 = Release|Any CPU
		{92CA5F5C-F8A0-48E7-AB77-534E4E877A33}.Debug|Any CPU.ActiveCfg = Debug|Any CPU
		{92CA5F5C-F8A0-48E7-AB77-534E4E877A33}.Debug|Any CPU.Build.0 = Debug|Any CPU
		{92CA5F5C-F8A0-48E7-AB77-534E4E877A33}.Release|Any CPU.ActiveCfg = Release|Any CPU
		{92CA5F5C-F8A0-48E7-AB77-534E4E877A33}.Release|Any CPU.Build.0 = Release|Any CPU
	EndGlobalSection
EndGlobal
