
Microsoft Visual Studio Solution File, Format Version 12.00
# Visual Studio 15
Project("{FAE04EC0-301F-11D3-BF4B-00C04F79EFBC}") = "user-service-test", "user-service-test.csproj", "{C6288934-299E-440A-8F58-CFE48314C32F}"
EndProject
Global
	GlobalSection(SolutionConfigurationPlatforms) = preSolution
		Debug|Any CPU = Debug|Any CPU
		Release|Any CPU = Release|Any CPU
	EndGlobalSection
	GlobalSection(ProjectConfigurationPlatforms) = postSolution
		{C6288934-299E-440A-8F58-CFE48314C32F}.Debug|Any CPU.ActiveCfg = Debug|Any CPU
		{C6288934-299E-440A-8F58-CFE48314C32F}.Debug|Any CPU.Build.0 = Debug|Any CPU
		{C6288934-299E-440A-8F58-CFE48314C32F}.Release|Any CPU.ActiveCfg = Release|Any CPU
		{C6288934-299E-440A-8F58-CFE48314C32F}.Release|Any CPU.Build.0 = Release|Any CPU
	EndGlobalSection
EndGlobal
